
Microsoft Visual Studio Solution File, Format Version 12.00
# Visual Studio Version 16
VisualStudioVersion = 16.0.29411.138
MinimumVisualStudioVersion = 10.0.40219.1
Project("{FAE04EC0-301F-11D3-BF4B-00C04F79EFBC}") = "ILfQ", "ILfQ\ILfQ.csproj", "{36968153-6439-4D63-8850-C757B62BD436}"
EndProject
Project("{2150E333-8FDC-42A3-9474-1A3956D46DE8}") = "Solution Items", "Solution Items", "{83D01A63-E00A-4F3C-B8B1-4A17D197A9DC}"
	ProjectSection(SolutionItems) = preProject
		Readme.txt = Readme.txt
	EndProjectSection
EndProject
Project("{FAE04EC0-301F-11D3-BF4B-00C04F79EFBC}") = "ILfQ.Tools", "ILfQ.Tools\ILfQ.Tools.csproj", "{459BFCDB-9B79-40AB-840E-EB6AA73EABDE}"
EndProject
Project("{FAE04EC0-301F-11D3-BF4B-00C04F79EFBC}") = "ILfQ.Lexer", "ILfQ.Lexer\ILfQ.Lexer.csproj", "{26FB47B6-C109-481A-8E86-07F9BBAEBC43}"
EndProject
Project("{FAE04EC0-301F-11D3-BF4B-00C04F79EFBC}") = "ILfQ.Parser", "ILfQ.Parser\ILfQ.Parser.csproj", "{501F4E35-9DA6-47E6-A3DC-80241A866356}"
EndProject
Project("{FAE04EC0-301F-11D3-BF4B-00C04F79EFBC}") = "ILfQ.Definitions", "ILfQ.Definitions\ILfQ.Definitions.csproj", "{2B31D2A0-89E3-4FAF-9465-E274E0AB18D0}"
EndProject
Project("{FAE04EC0-301F-11D3-BF4B-00C04F79EFBC}") = "ILfQ.CodeGenerator.MongoDB", "ILfQ.CodeGenerator.MongoDB\ILfQ.CodeGenerator.MongoDB.csproj", "{F5D04E58-1D55-4190-98F9-A79C45BDAE1F}"
EndProject
Project("{FAE04EC0-301F-11D3-BF4B-00C04F79EFBC}") = "ILfQ.CodeGenerator.MongoDBTests", "ILfQ.CodeGenerator.MongoDBTests\ILfQ.CodeGenerator.MongoDBTests.csproj", "{C25E6524-A74C-4989-A19B-E179240C4633}"
EndProject
Project("{2150E333-8FDC-42A3-9474-1A3956D46DE8}") = "test", "test", "{71C4E4D1-E59E-4FC3-AD13-6C40468256A6}"
EndProject
Project("{2150E333-8FDC-42A3-9474-1A3956D46DE8}") = "src", "src", "{3C9AE8C1-EDB4-4B2C-A15E-EAE5977FE500}"
EndProject
Project("{2150E333-8FDC-42A3-9474-1A3956D46DE8}") = "Nuget", "Nuget", "{42E8C2F2-560E-47E4-BDA5-846BE98BD42D}"
EndProject
Project("{2150E333-8FDC-42A3-9474-1A3956D46DE8}") = "Tools", "Tools", "{0C7554C6-44E7-4887-85F7-B747507877D6}"
EndProject
Project("{FAE04EC0-301F-11D3-BF4B-00C04F79EFBC}") = "ILfQ.NugetBuild", "ILfQ.NugetBuild\ILfQ.NugetBuild.csproj", "{9F13AB59-6B24-4810-AC7D-98AB4F59BD63}"
EndProject
Global
	GlobalSection(SolutionConfigurationPlatforms) = preSolution
		Debug|Any CPU = Debug|Any CPU
		Debug-Net461|Any CPU = Debug-Net461|Any CPU
		Release|Any CPU = Release|Any CPU
		Release-Net461|Any CPU = Release-Net461|Any CPU
	EndGlobalSection
	GlobalSection(ProjectConfigurationPlatforms) = postSolution
		{36968153-6439-4D63-8850-C757B62BD436}.Debug|Any CPU.ActiveCfg = Debug|Any CPU
		{36968153-6439-4D63-8850-C757B62BD436}.Debug|Any CPU.Build.0 = Debug|Any CPU
		{36968153-6439-4D63-8850-C757B62BD436}.Debug-Net461|Any CPU.ActiveCfg = Debug-Net461|Any CPU
		{36968153-6439-4D63-8850-C757B62BD436}.Debug-Net461|Any CPU.Build.0 = Debug-Net461|Any CPU
		{36968153-6439-4D63-8850-C757B62BD436}.Release|Any CPU.ActiveCfg = Release|Any CPU
		{36968153-6439-4D63-8850-C757B62BD436}.Release|Any CPU.Build.0 = Release|Any CPU
		{36968153-6439-4D63-8850-C757B62BD436}.Release-Net461|Any CPU.ActiveCfg = Release-Net461|Any CPU
		{36968153-6439-4D63-8850-C757B62BD436}.Release-Net461|Any CPU.Build.0 = Release-Net461|Any CPU
		{459BFCDB-9B79-40AB-840E-EB6AA73EABDE}.Debug|Any CPU.ActiveCfg = Debug|Any CPU
		{459BFCDB-9B79-40AB-840E-EB6AA73EABDE}.Debug|Any CPU.Build.0 = Debug|Any CPU
		{459BFCDB-9B79-40AB-840E-EB6AA73EABDE}.Debug-Net461|Any CPU.ActiveCfg = Debug-Net461|Any CPU
		{459BFCDB-9B79-40AB-840E-EB6AA73EABDE}.Debug-Net461|Any CPU.Build.0 = Debug-Net461|Any CPU
		{459BFCDB-9B79-40AB-840E-EB6AA73EABDE}.Release|Any CPU.ActiveCfg = Release|Any CPU
		{459BFCDB-9B79-40AB-840E-EB6AA73EABDE}.Release|Any CPU.Build.0 = Release|Any CPU
		{459BFCDB-9B79-40AB-840E-EB6AA73EABDE}.Release-Net461|Any CPU.ActiveCfg = Release-Net461|Any CPU
		{459BFCDB-9B79-40AB-840E-EB6AA73EABDE}.Release-Net461|Any CPU.Build.0 = Release-Net461|Any CPU
		{26FB47B6-C109-481A-8E86-07F9BBAEBC43}.Debug|Any CPU.ActiveCfg = Debug|Any CPU
		{26FB47B6-C109-481A-8E86-07F9BBAEBC43}.Debug|Any CPU.Build.0 = Debug|Any CPU
		{26FB47B6-C109-481A-8E86-07F9BBAEBC43}.Debug-Net461|Any CPU.ActiveCfg = Debug-Net461|Any CPU
		{26FB47B6-C109-481A-8E86-07F9BBAEBC43}.Debug-Net461|Any CPU.Build.0 = Debug-Net461|Any CPU
		{26FB47B6-C109-481A-8E86-07F9BBAEBC43}.Release|Any CPU.ActiveCfg = Release|Any CPU
		{26FB47B6-C109-481A-8E86-07F9BBAEBC43}.Release|Any CPU.Build.0 = Release|Any CPU
		{26FB47B6-C109-481A-8E86-07F9BBAEBC43}.Release-Net461|Any CPU.ActiveCfg = Release-Net461|Any CPU
		{26FB47B6-C109-481A-8E86-07F9BBAEBC43}.Release-Net461|Any CPU.Build.0 = Release-Net461|Any CPU
		{501F4E35-9DA6-47E6-A3DC-80241A866356}.Debug|Any CPU.ActiveCfg = Debug|Any CPU
		{501F4E35-9DA6-47E6-A3DC-80241A866356}.Debug|Any CPU.Build.0 = Debug|Any CPU
		{501F4E35-9DA6-47E6-A3DC-80241A866356}.Debug-Net461|Any CPU.ActiveCfg = Debug-Net461|Any CPU
		{501F4E35-9DA6-47E6-A3DC-80241A866356}.Debug-Net461|Any CPU.Build.0 = Debug-Net461|Any CPU
		{501F4E35-9DA6-47E6-A3DC-80241A866356}.Release|Any CPU.ActiveCfg = Release|Any CPU
		{501F4E35-9DA6-47E6-A3DC-80241A866356}.Release|Any CPU.Build.0 = Release|Any CPU
		{501F4E35-9DA6-47E6-A3DC-80241A866356}.Release-Net461|Any CPU.ActiveCfg = Release-Net461|Any CPU
		{501F4E35-9DA6-47E6-A3DC-80241A866356}.Release-Net461|Any CPU.Build.0 = Release-Net461|Any CPU
		{2B31D2A0-89E3-4FAF-9465-E274E0AB18D0}.Debug|Any CPU.ActiveCfg = Debug|Any CPU
		{2B31D2A0-89E3-4FAF-9465-E274E0AB18D0}.Debug|Any CPU.Build.0 = Debug|Any CPU
		{2B31D2A0-89E3-4FAF-9465-E274E0AB18D0}.Debug-Net461|Any CPU.ActiveCfg = Debug-Net461|Any CPU
		{2B31D2A0-89E3-4FAF-9465-E274E0AB18D0}.Debug-Net461|Any CPU.Build.0 = Debug-Net461|Any CPU
		{2B31D2A0-89E3-4FAF-9465-E274E0AB18D0}.Release|Any CPU.ActiveCfg = Release|Any CPU
		{2B31D2A0-89E3-4FAF-9465-E274E0AB18D0}.Release|Any CPU.Build.0 = Release|Any CPU
		{2B31D2A0-89E3-4FAF-9465-E274E0AB18D0}.Release-Net461|Any CPU.ActiveCfg = Release-Net461|Any CPU
		{2B31D2A0-89E3-4FAF-9465-E274E0AB18D0}.Release-Net461|Any CPU.Build.0 = Release-Net461|Any CPU
		{F5D04E58-1D55-4190-98F9-A79C45BDAE1F}.Debug|Any CPU.ActiveCfg = Debug|Any CPU
		{F5D04E58-1D55-4190-98F9-A79C45BDAE1F}.Debug|Any CPU.Build.0 = Debug|Any CPU
		{F5D04E58-1D55-4190-98F9-A79C45BDAE1F}.Debug-Net461|Any CPU.ActiveCfg = Debug-Net461|Any CPU
		{F5D04E58-1D55-4190-98F9-A79C45BDAE1F}.Debug-Net461|Any CPU.Build.0 = Debug-Net461|Any CPU
		{F5D04E58-1D55-4190-98F9-A79C45BDAE1F}.Release|Any CPU.ActiveCfg = Release|Any CPU
		{F5D04E58-1D55-4190-98F9-A79C45BDAE1F}.Release|Any CPU.Build.0 = Release|Any CPU
		{F5D04E58-1D55-4190-98F9-A79C45BDAE1F}.Release-Net461|Any CPU.ActiveCfg = Release-Net461|Any CPU
		{F5D04E58-1D55-4190-98F9-A79C45BDAE1F}.Release-Net461|Any CPU.Build.0 = Release-Net461|Any CPU
		{C25E6524-A74C-4989-A19B-E179240C4633}.Debug|Any CPU.ActiveCfg = Debug|Any CPU
		{C25E6524-A74C-4989-A19B-E179240C4633}.Debug|Any CPU.Build.0 = Debug|Any CPU
		{C25E6524-A74C-4989-A19B-E179240C4633}.Debug-Net461|Any CPU.ActiveCfg = Debug-Net461|Any CPU
		{C25E6524-A74C-4989-A19B-E179240C4633}.Debug-Net461|Any CPU.Build.0 = Debug-Net461|Any CPU
		{C25E6524-A74C-4989-A19B-E179240C4633}.Release|Any CPU.ActiveCfg = Release|Any CPU
		{C25E6524-A74C-4989-A19B-E179240C4633}.Release|Any CPU.Build.0 = Release|Any CPU
		{C25E6524-A74C-4989-A19B-E179240C4633}.Release-Net461|Any CPU.ActiveCfg = Release-Net461|Any CPU
		{C25E6524-A74C-4989-A19B-E179240C4633}.Release-Net461|Any CPU.Build.0 = Release-Net461|Any CPU
		{9F13AB59-6B24-4810-AC7D-98AB4F59BD63}.Debug|Any CPU.ActiveCfg = Debug|Any CPU
		{9F13AB59-6B24-4810-AC7D-98AB4F59BD63}.Debug|Any CPU.Build.0 = Debug|Any CPU
		{9F13AB59-6B24-4810-AC7D-98AB4F59BD63}.Debug-Net461|Any CPU.ActiveCfg = Debug-Net461|Any CPU
		{9F13AB59-6B24-4810-AC7D-98AB4F59BD63}.Debug-Net461|Any CPU.Build.0 = Debug-Net461|Any CPU
		{9F13AB59-6B24-4810-AC7D-98AB4F59BD63}.Release|Any CPU.ActiveCfg = Release|Any CPU
		{9F13AB59-6B24-4810-AC7D-98AB4F59BD63}.Release|Any CPU.Build.0 = Release|Any CPU
		{9F13AB59-6B24-4810-AC7D-98AB4F59BD63}.Release-Net461|Any CPU.ActiveCfg = Release-Net461|Any CPU
		{9F13AB59-6B24-4810-AC7D-98AB4F59BD63}.Release-Net461|Any CPU.Build.0 = Release-Net461|Any CPU
	EndGlobalSection
	GlobalSection(SolutionProperties) = preSolution
		HideSolutionNode = FALSE
	EndGlobalSection
	GlobalSection(NestedProjects) = preSolution
		{36968153-6439-4D63-8850-C757B62BD436} = {3C9AE8C1-EDB4-4B2C-A15E-EAE5977FE500}
		{459BFCDB-9B79-40AB-840E-EB6AA73EABDE} = {0C7554C6-44E7-4887-85F7-B747507877D6}
		{26FB47B6-C109-481A-8E86-07F9BBAEBC43} = {3C9AE8C1-EDB4-4B2C-A15E-EAE5977FE500}
		{501F4E35-9DA6-47E6-A3DC-80241A866356} = {3C9AE8C1-EDB4-4B2C-A15E-EAE5977FE500}
		{2B31D2A0-89E3-4FAF-9465-E274E0AB18D0} = {3C9AE8C1-EDB4-4B2C-A15E-EAE5977FE500}
		{F5D04E58-1D55-4190-98F9-A79C45BDAE1F} = {3C9AE8C1-EDB4-4B2C-A15E-EAE5977FE500}
		{C25E6524-A74C-4989-A19B-E179240C4633} = {71C4E4D1-E59E-4FC3-AD13-6C40468256A6}
		{9F13AB59-6B24-4810-AC7D-98AB4F59BD63} = {42E8C2F2-560E-47E4-BDA5-846BE98BD42D}
	EndGlobalSection
	GlobalSection(ExtensibilityGlobals) = postSolution
		SolutionGuid = {042D0988-F7C0-4FB7-B6AC-F7461F73E7C3}
	EndGlobalSection
EndGlobal
